Microsoft Visual Studio Solution File, Format Version 8.00
Project("{8BC9CEB8-8B4A-11D0-8D11-00A0C91BC942}") = "report tracker", "report tracker.vcproj", "{F21319EC-5035-4F98-9157-39556CB0F8EA}"
	ProjectSection(ProjectDependencies) = postProject
	EndProjectSection
EndProject
Global
	GlobalSection(SolutionConfiguration) = preSolution
		Debug = Debug
		Release = Release
	EndGlobalSection
	GlobalSection(ProjectConfiguration) = postSolution
		{F21319EC-5035-4F98-9157-39556CB0F8EA}.Debug.ActiveCfg = Debug|Win32
		{F21319EC-5035-4F98-9157-39556CB0F8EA}.Debug.Build.0 = Debug|Win32
		{F21319EC-5035-4F98-9157-39556CB0F8EA}.Release.ActiveCfg = Release|Win32
		{F21319EC-5035-4F98-9157-39556CB0F8EA}.Release.Build.0 = Release|Win32
	EndGlobalSection
	GlobalSection(ExtensibilityGlobals) = postSolution
	EndGlobalSection
	GlobalSection(ExtensibilityAddIns) = postSolution
	EndGlobalSection
EndGlobal
